
Microsoft Visual Studio Solution File, Format Version 12.00
# Visual Studio Version 17
VisualStudioVersion = 17.2.32630.192
MinimumVisualStudioVersion = 10.0.40219.1
Project("{9A19103F-16F7-4668-BE54-9A1E7A4F7556}") = "R5T.F0077.Construction", "R5T.F0077.Construction\R5T.F0077.Construction.csproj", "{4A0EB1A9-31A0-4AAE-94AF-1EA2A60568C7}"
EndProject
Project("{9A19103F-16F7-4668-BE54-9A1E7A4F7556}") = "R5T.F0077", "R5T.F0077\R5T.F0077.csproj", "{BB6BF7BC-4F4A-4435-8008-44D8A9AE254B}"
EndProject
Project("{2150E333-8FDC-42A3-9474-1A3956D46DE8}") = "_Dependencies", "_Dependencies", "{BC0B1465-7DE4-407E-9001-955FB767BFA2}"
EndProject
Project("{9A19103F-16F7-4668-BE54-9A1E7A4F7556}") = "R5T.T0132", "..\..\R5T.T0132\source\R5T.T0132\R5T.T0132.csproj", "{5EDAC4F6-DD91-4720-8FC3-C46F10C022FA}"
EndProject
Project("{9A19103F-16F7-4668-BE54-9A1E7A4F7556}") = "R5T.F0016.F001", "..\..\R5T.F0016\source\R5T.F0016.F001\R5T.F0016.F001.csproj", "{0CD1D371-6BD6-484C-A12C-C28E2B560226}"
EndProject
Project("{9A19103F-16F7-4668-BE54-9A1E7A4F7556}") = "R5T.F0076", "..\..\R5T.F0076\source\R5T.F0076\R5T.F0076.csproj", "{B815CC9B-D0F4-44D8-8367-9DC42F8DFFAA}"
EndProject
Project("{9A19103F-16F7-4668-BE54-9A1E7A4F7556}") = "R5T.F0027", "..\..\R5T.F0027\source\R5T.F0027\R5T.F0027.csproj", "{2FD6F5B1-61C4-4FC1-BD45-2BDD8A21B7F4}"
EndProject
Project("{9A19103F-16F7-4668-BE54-9A1E7A4F7556}") = "R5T.F0000", "..\..\R5T.F0000\source\R5T.F0000\R5T.F0000.csproj", "{114F64A5-3AE7-4859-8C6C-F0CCC3532DC8}"
EndProject
Project("{9A19103F-16F7-4668-BE54-9A1E7A4F7556}") = "R5T.F0002", "..\..\R5T.F0002\source\R5T.F0002\R5T.F0002.csproj", "{29DA3061-4231-486E-A6C9-567C0217C2E2}"
EndProject
Project("{9A19103F-16F7-4668-BE54-9A1E7A4F7556}") = "R5T.F0016", "..\..\R5T.F0016\source\R5T.F0016\R5T.F0016.csproj", "{8CADB653-C595-444C-BDB9-768487CC3273}"
EndProject
Project("{9A19103F-16F7-4668-BE54-9A1E7A4F7556}") = "R5T.F0020", "..\..\R5T.F0020\source\R5T.F0020\R5T.F0020.csproj", "{238F8567-2FFF-425A-8C2F-9FFF27829CDF}"
EndProject
Project("{9A19103F-16F7-4668-BE54-9A1E7A4F7556}") = "R5T.F0026", "..\..\R5T.F0026\source\R5T.F0026\R5T.F0026.csproj", "{63B98A0D-F2B2-4D12-A5F6-E283B2579FBB}"
EndProject
Project("{9A19103F-16F7-4668-BE54-9A1E7A4F7556}") = "R5T.F0040.F000", "..\..\R5T.F0040\source\R5T.F0040.F000\R5T.F0040.F000.csproj", "{3EE81024-B8D0-480D-A7B3-A4AC2A1D77B2}"
EndProject
Project("{9A19103F-16F7-4668-BE54-9A1E7A4F7556}") = "R5T.Magyar", "..\..\R5T.Magyar\source\R5T.Magyar\R5T.Magyar.csproj", "{DB9B9347-5C6F-4AEE-B095-031F18D91D1D}"
EndProject
Project("{9A19103F-16F7-4668-BE54-9A1E7A4F7556}") = "R5T.T0131", "..\..\R5T.T0131\source\R5T.T0131\R5T.T0131.csproj", "{E0066832-AB13-452A-8D4A-6ECAF6E8CA6F}"
EndProject
Project("{9A19103F-16F7-4668-BE54-9A1E7A4F7556}") = "R5T.T0142", "..\..\R5T.T0142\source\R5T.T0142\R5T.T0142.csproj", "{770A10BB-AE88-4E15-B26C-330F0C6C1B68}"
EndProject
Project("{9A19103F-16F7-4668-BE54-9A1E7A4F7556}") = "R5T.T0143", "..\..\R5T.T0143\source\R5T.T0143\R5T.T0143.csproj", "{E32857F9-7A95-470B-9C21-F90B64241FDE}"
EndProject
Project("{9A19103F-16F7-4668-BE54-9A1E7A4F7556}") = "R5T.Y0000", "..\..\R5T.Y0000\source\R5T.Y0000\R5T.Y0000.csproj", "{10166369-C630-482F-8FF4-64B585769535}"
EndProject
Project("{9A19103F-16F7-4668-BE54-9A1E7A4F7556}") = "R5T.Z0000", "..\..\R5T.Z0000\source\R5T.Z0000\R5T.Z0000.csproj", "{FABDBAC6-E5DC-46A3-BDC3-E210B91471D2}"
EndProject
Project("{9A19103F-16F7-4668-BE54-9A1E7A4F7556}") = "R5T.Z0011", "..\..\R5T.Z0011\source\R5T.Z0011\R5T.Z0011.csproj", "{7A1C10B5-9F08-4F87-B5B9-B3CA308F6D06}"
EndProject
Global
	GlobalSection(NestedProjects) = preSolution
		{5EDAC4F6-DD91-4720-8FC3-C46F10C022FA} = {BC0B1465-7DE4-407E-9001-955FB767BFA2}
		{0CD1D371-6BD6-484C-A12C-C28E2B560226} = {BC0B1465-7DE4-407E-9001-955FB767BFA2}
		{B815CC9B-D0F4-44D8-8367-9DC42F8DFFAA} = {BC0B1465-7DE4-407E-9001-955FB767BFA2}
		{2FD6F5B1-61C4-4FC1-BD45-2BDD8A21B7F4} = {BC0B1465-7DE4-407E-9001-955FB767BFA2}
		{114F64A5-3AE7-4859-8C6C-F0CCC3532DC8} = {BC0B1465-7DE4-407E-9001-955FB767BFA2}
		{29DA3061-4231-486E-A6C9-567C0217C2E2} = {BC0B1465-7DE4-407E-9001-955FB767BFA2}
		{8CADB653-C595-444C-BDB9-768487CC3273} = {BC0B1465-7DE4-407E-9001-955FB767BFA2}
		{238F8567-2FFF-425A-8C2F-9FFF27829CDF} = {BC0B1465-7DE4-407E-9001-955FB767BFA2}
		{63B98A0D-F2B2-4D12-A5F6-E283B2579FBB} = {BC0B1465-7DE4-407E-9001-955FB767BFA2}
		{3EE81024-B8D0-480D-A7B3-A4AC2A1D77B2} = {BC0B1465-7DE4-407E-9001-955FB767BFA2}
		{DB9B9347-5C6F-4AEE-B095-031F18D91D1D} = {BC0B1465-7DE4-407E-9001-955FB767BFA2}
		{E0066832-AB13-452A-8D4A-6ECAF6E8CA6F} = {BC0B1465-7DE4-407E-9001-955FB767BFA2}
		{770A10BB-AE88-4E15-B26C-330F0C6C1B68} = {BC0B1465-7DE4-407E-9001-955FB767BFA2}
		{E32857F9-7A95-470B-9C21-F90B64241FDE} = {BC0B1465-7DE4-407E-9001-955FB767BFA2}
		{10166369-C630-482F-8FF4-64B585769535} = {BC0B1465-7DE4-407E-9001-955FB767BFA2}
		{FABDBAC6-E5DC-46A3-BDC3-E210B91471D2} = {BC0B1465-7DE4-407E-9001-955FB767BFA2}
		{7A1C10B5-9F08-4F87-B5B9-B3CA308F6D06} = {BC0B1465-7DE4-407E-9001-955FB767BFA2}
	EndGlobalSection
	GlobalSection(SolutionConfigurationPlatforms) = preSolution
		Debug|Any CPU = Debug|Any CPU
		Release|Any CPU = Release|Any CPU
	EndGlobalSection
	GlobalSection(ProjectConfigurationPlatforms) = postSolution
		{4A0EB1A9-31A0-4AAE-94AF-1EA2A60568C7}.Debug|Any CPU.ActiveCfg = Debug|Any CPU
		{4A0EB1A9-31A0-4AAE-94AF-1EA2A60568C7}.Debug|Any CPU.Build.0 = Debug|Any CPU
		{4A0EB1A9-31A0-4AAE-94AF-1EA2A60568C7}.Release|Any CPU.ActiveCfg = Release|Any CPU
		{4A0EB1A9-31A0-4AAE-94AF-1EA2A60568C7}.Release|Any CPU.Build.0 = Release|Any CPU
		{BB6BF7BC-4F4A-4435-8008-44D8A9AE254B}.Debug|Any CPU.ActiveCfg = Debug|Any CPU
		{BB6BF7BC-4F4A-4435-8008-44D8A9AE254B}.Debug|Any CPU.Build.0 = Debug|Any CPU
		{BB6BF7BC-4F4A-4435-8008-44D8A9AE254B}.Release|Any CPU.ActiveCfg = Release|Any CPU
		{BB6BF7BC-4F4A-4435-8008-44D8A9AE254B}.Release|Any CPU.Build.0 = Release|Any CPU
		{5EDAC4F6-DD91-4720-8FC3-C46F10C022FA}.Debug|Any CPU.ActiveCfg = Debug|Any CPU
		{5EDAC4F6-DD91-4720-8FC3-C46F10C022FA}.Debug|Any CPU.Build.0 = Debug|Any CPU
		{5EDAC4F6-DD91-4720-8FC3-C46F10C022FA}.Release|Any CPU.ActiveCfg = Release|Any CPU
		{5EDAC4F6-DD91-4720-8FC3-C46F10C022FA}.Release|Any CPU.Build.0 = Release|Any CPU
		{0CD1D371-6BD6-484C-A12C-C28E2B560226}.Debug|Any CPU.ActiveCfg = Debug|Any CPU
		{0CD1D371-6BD6-484C-A12C-C28E2B560226}.Debug|Any CPU.Build.0 = Debug|Any CPU
		{0CD1D371-6BD6-484C-A12C-C28E2B560226}.Release|Any CPU.ActiveCfg = Release|Any CPU
		{0CD1D371-6BD6-484C-A12C-C28E2B560226}.Release|Any CPU.Build.0 = Release|Any CPU
		{B815CC9B-D0F4-44D8-8367-9DC42F8DFFAA}.Debug|Any CPU.ActiveCfg = Debug|Any CPU
		{B815CC9B-D0F4-44D8-8367-9DC42F8DFFAA}.Debug|Any CPU.Build.0 = Debug|Any CPU
		{B815CC9B-D0F4-44D8-8367-9DC42F8DFFAA}.Release|Any CPU.ActiveCfg = Release|Any CPU
		{B815CC9B-D0F4-44D8-8367-9DC42F8DFFAA}.Release|Any CPU.Build.0 = Release|Any CPU
		{2FD6F5B1-61C4-4FC1-BD45-2BDD8A21B7F4}.Debug|Any CPU.ActiveCfg = Debug|Any CPU
		{2FD6F5B1-61C4-4FC1-BD45-2BDD8A21B7F4}.Debug|Any CPU.Build.0 = Debug|Any CPU
		{2FD6F5B1-61C4-4FC1-BD45-2BDD8A21B7F4}.Release|Any CPU.ActiveCfg = Release|Any CPU
		{2FD6F5B1-61C4-4FC1-BD45-2BDD8A21B7F4}.Release|Any CPU.Build.0 = Release|Any CPU
		{114F64A5-3AE7-4859-8C6C-F0CCC3532DC8}.Debug|Any CPU.ActiveCfg = Debug|Any CPU
		{114F64A5-3AE7-4859-8C6C-F0CCC3532DC8}.Debug|Any CPU.Build.0 = Debug|Any CPU
		{114F64A5-3AE7-4859-8C6C-F0CCC3532DC8}.Release|Any CPU.ActiveCfg = Release|Any CPU
		{114F64A5-3AE7-4859-8C6C-F0CCC3532DC8}.Release|Any CPU.Build.0 = Release|Any CPU
		{29DA3061-4231-486E-A6C9-567C0217C2E2}.Debug|Any CPU.ActiveCfg = Debug|Any CPU
		{29DA3061-4231-486E-A6C9-567C0217C2E2}.Debug|Any CPU.Build.0 = Debug|Any CPU
		{29DA3061-4231-486E-A6C9-567C0217C2E2}.Release|Any CPU.ActiveCfg = Release|Any CPU
		{29DA3061-4231-486E-A6C9-567C0217C2E2}.Release|Any CPU.Build.0 = Release|Any CPU
		{8CADB653-C595-444C-BDB9-768487CC3273}.Debug|Any CPU.ActiveCfg = Debug|Any CPU
		{8CADB653-C595-444C-BDB9-768487CC3273}.Debug|Any CPU.Build.0 = Debug|Any CPU
		{8CADB653-C595-444C-BDB9-768487CC3273}.Release|Any CPU.ActiveCfg = Release|Any CPU
		{8CADB653-C595-444C-BDB9-768487CC3273}.Release|Any CPU.Build.0 = Release|Any CPU
		{238F8567-2FFF-425A-8C2F-9FFF27829CDF}.Debug|Any CPU.ActiveCfg = Debug|Any CPU
		{238F8567-2FFF-425A-8C2F-9FFF27829CDF}.Debug|Any CPU.Build.0 = Debug|Any CPU
		{238F8567-2FFF-425A-8C2F-9FFF27829CDF}.Release|Any CPU.ActiveCfg = Release|Any CPU
		{238F8567-2FFF-425A-8C2F-9FFF27829CDF}.Release|Any CPU.Build.0 = Release|Any CPU
		{63B98A0D-F2B2-4D12-A5F6-E283B2579FBB}.Debug|Any CPU.ActiveCfg = Debug|Any CPU
		{63B98A0D-F2B2-4D12-A5F6-E283B2579FBB}.Debug|Any CPU.Build.0 = Debug|Any CPU
		{63B98A0D-F2B2-4D12-A5F6-E283B2579FBB}.Release|Any CPU.ActiveCfg = Release|Any CPU
		{63B98A0D-F2B2-4D12-A5F6-E283B2579FBB}.Release|Any CPU.Build.0 = Release|Any CPU
		{3EE81024-B8D0-480D-A7B3-A4AC2A1D77B2}.Debug|Any CPU.ActiveCfg = Debug|Any CPU
		{3EE81024-B8D0-480D-A7B3-A4AC2A1D77B2}.Debug|Any CPU.Build.0 = Debug|Any CPU
		{3EE81024-B8D0-480D-A7B3-A4AC2A1D77B2}.Release|Any CPU.ActiveCfg = Release|Any CPU
		{3EE81024-B8D0-480D-A7B3-A4AC2A1D77B2}.Release|Any CPU.Build.0 = Release|Any CPU
		{DB9B9347-5C6F-4AEE-B095-031F18D91D1D}.Debug|Any CPU.ActiveCfg = Debug|Any CPU
		{DB9B9347-5C6F-4AEE-B095-031F18D91D1D}.Debug|Any CPU.Build.0 = Debug|Any CPU
		{DB9B9347-5C6F-4AEE-B095-031F18D91D1D}.Release|Any CPU.ActiveCfg = Release|Any CPU
		{DB9B9347-5C6F-4AEE-B095-031F18D91D1D}.Release|Any CPU.Build.0 = Release|Any CPU
		{E0066832-AB13-452A-8D4A-6ECAF6E8CA6F}.Debug|Any CPU.ActiveCfg = Debug|Any CPU
		{E0066832-AB13-452A-8D4A-6ECAF6E8CA6F}.Debug|Any CPU.Build.0 = Debug|Any CPU
		{E0066832-AB13-452A-8D4A-6ECAF6E8CA6F}.Release|Any CPU.ActiveCfg = Release|Any CPU
		{E0066832-AB13-452A-8D4A-6ECAF6E8CA6F}.Release|Any CPU.Build.0 = Release|Any CPU
		{770A10BB-AE88-4E15-B26C-330F0C6C1B68}.Debug|Any CPU.ActiveCfg = Debug|Any CPU
		{770A10BB-AE88-4E15-B26C-330F0C6C1B68}.Debug|Any CPU.Build.0 = Debug|Any CPU
		{770A10BB-AE88-4E15-B26C-330F0C6C1B68}.Release|Any CPU.ActiveCfg = Release|Any CPU
		{770A10BB-AE88-4E15-B26C-330F0C6C1B68}.Release|Any CPU.Build.0 = Release|Any CPU
		{E32857F9-7A95-470B-9C21-F90B64241FDE}.Debug|Any CPU.ActiveCfg = Debug|Any CPU
		{E32857F9-7A95-470B-9C21-F90B64241FDE}.Debug|Any CPU.Build.0 = Debug|Any CPU
		{E32857F9-7A95-470B-9C21-F90B64241FDE}.Release|Any CPU.ActiveCfg = Release|Any CPU
		{E32857F9-7A95-470B-9C21-F90B64241FDE}.Release|Any CPU.Build.0 = Release|Any CPU
		{10166369-C630-482F-8FF4-64B585769535}.Debug|Any CPU.ActiveCfg = Debug|Any CPU
		{10166369-C630-482F-8FF4-64B585769535}.Debug|Any CPU.Build.0 = Debug|Any CPU
		{10166369-C630-482F-8FF4-64B585769535}.Release|Any CPU.ActiveCfg = Release|Any CPU
		{10166369-C630-482F-8FF4-64B585769535}.Release|Any CPU.Build.0 = Release|Any CPU
		{FABDBAC6-E5DC-46A3-BDC3-E210B91471D2}.Debug|Any CPU.ActiveCfg = Debug|Any CPU
		{FABDBAC6-E5DC-46A3-BDC3-E210B91471D2}.Debug|Any CPU.Build.0 = Debug|Any CPU
		{FABDBAC6-E5DC-46A3-BDC3-E210B91471D2}.Release|Any CPU.ActiveCfg = Release|Any CPU
		{FABDBAC6-E5DC-46A3-BDC3-E210B91471D2}.Release|Any CPU.Build.0 = Release|Any CPU
		{7A1C10B5-9F08-4F87-B5B9-B3CA308F6D06}.Debug|Any CPU.ActiveCfg = Debug|Any CPU
		{7A1C10B5-9F08-4F87-B5B9-B3CA308F6D06}.Debug|Any CPU.Build.0 = Debug|Any CPU
		{7A1C10B5-9F08-4F87-B5B9-B3CA308F6D06}.Release|Any CPU.ActiveCfg = Release|Any CPU
		{7A1C10B5-9F08-4F87-B5B9-B3CA308F6D06}.Release|Any CPU.Build.0 = Release|Any CPU
	EndGlobalSection
	GlobalSection(SolutionProperties) = preSolution
		HideSolutionNode = FALSE
	EndGlobalSection
	GlobalSection(ExtensibilityGlobals) = postSolution
		SolutionGuid = {0F8A63E2-DF3E-4690-A431-8E22F51D6D72}
	EndGlobalSection
EndGlobal
